
Microsoft Visual Studio Solution File, Format Version 12.00
# Visual Studio 2012
Project("{FAE04EC0-301F-11D3-BF4B-00C04F79EFBC}") = "CODODN.Web", "CODODN.Web\CODODN.Web.csproj", "{776E34C4-B980-483D-951A-B2BF2F78B912}"
EndProject
Project("{FAE04EC0-301F-11D3-BF4B-00C04F79EFBC}") = "CODODN.Core", "CODODN.Core\CODODN.Core.csproj", "{718B8FC7-6B6E-4F2C-854D-EBD096464874}"
EndProject
Project("{FAE04EC0-301F-11D3-BF4B-00C04F79EFBC}") = "CODODN.UnitTests", "CODODN.UnitTests\CODODN.UnitTests.csproj", "{F7024C26-FDC5-44F5-8513-63505CB060F2}"
EndProject
Global
	GlobalSection(SolutionConfigurationPlatforms) = preSolution
		Debug|Any CPU = Debug|Any CPU
		Release|Any CPU = Release|Any CPU
	EndGlobalSection
	GlobalSection(ProjectConfigurationPlatforms) = postSolution
		{718B8FC7-6B6E-4F2C-854D-EBD096464874}.Debug|Any CPU.ActiveCfg = Debug|Any CPU
		{718B8FC7-6B6E-4F2C-854D-EBD096464874}.Debug|Any CPU.Build.0 = Debug|Any CPU
		{718B8FC7-6B6E-4F2C-854D-EBD096464874}.Release|Any CPU.ActiveCfg = Release|Any CPU
		{718B8FC7-6B6E-4F2C-854D-EBD096464874}.Release|Any CPU.Build.0 = Release|Any CPU
		{776E34C4-B980-483D-951A-B2BF2F78B912}.Debug|Any CPU.ActiveCfg = Debug|Any CPU
		{776E34C4-B980-483D-951A-B2BF2F78B912}.Debug|Any CPU.Build.0 = Debug|Any CPU
		{776E34C4-B980-483D-951A-B2BF2F78B912}.Release|Any CPU.ActiveCfg = Release|Any CPU
		{776E34C4-B980-483D-951A-B2BF2F78B912}.Release|Any CPU.Build.0 = Release|Any CPU
		{F7024C26-FDC5-44F5-8513-63505CB060F2}.Debug|Any CPU.ActiveCfg = Debug|Any CPU
		{F7024C26-FDC5-44F5-8513-63505CB060F2}.Debug|Any CPU.Build.0 = Debug|Any CPU
		{F7024C26-FDC5-44F5-8513-63505CB060F2}.Release|Any CPU.ActiveCfg = Release|Any CPU
		{F7024C26-FDC5-44F5-8513-63505CB060F2}.Release|Any CPU.Build.0 = Release|Any CPU
	EndGlobalSection
	GlobalSection(SolutionProperties) = preSolution
		HideSolutionNode = FALSE
	EndGlobalSection
EndGlobal
